{
  "name": "fucov",
  "version": "1.0.0",
  "lockfileVersion": 2,
  "requires": true,
  "packages": {
    "": {
      "version": "1.0.0",
      "license": "LGPL-3.0",
      "dependencies": {
        "@actions/core": "^1.2.7",
        "@actions/exec": "^1.0.4",
        "@actions/io": "^1.1.0",
        "string-argv": "^0.3.1"
      },
      "devDependencies": {
        "@types/node": "^15.3.0",
        "@vercel/ncc": "^0.28.5",
        "typescript": "^4.2.4"
      },
      "funding": {
        "url": "https://github.com/sponsors/Swatinem"
      }
    },
    "node_modules/@actions/core": {
      "version": "1.2.7",
      "resolved": "https://registry.npmjs.org/@actions/core/-/core-1.2.7.tgz",
      "integrity": "sha512-kzLFD5BgEvq6ubcxdgPbRKGD2Qrgya/5j+wh4LZzqT915I0V3rED+MvjH6NXghbvk1MXknpNNQ3uKjXSEN00Ig=="
    },
    "node_modules/@actions/exec": {
      "version": "1.0.4",
      "resolved": "https://registry.npmjs.org/@actions/exec/-/exec-1.0.4.tgz",
      "integrity": "sha512-4DPChWow9yc9W3WqEbUj8Nr86xkpyE29ZzWjXucHItclLbEW6jr80Zx4nqv18QL6KK65+cifiQZXvnqgTV6oHw==",
      "dependencies": {
        "@actions/io": "^1.0.1"
      }
    },
    "node_modules/@actions/io": {
      "version": "1.1.0",
      "resolved": "https://registry.npmjs.org/@actions/io/-/io-1.1.0.tgz",
      "integrity": "sha512-PspSX7Z9zh2Fyyuf3F6BsYeXcYHfc/VJ1vwy2vouas95efHVd42M6UfBFRs+jY0uiMDXhAoUtATn9g2r1MaWBQ=="
    },
    "node_modules/@types/node": {
      "version": "15.3.0",
      "resolved": "https://registry.npmjs.org/@types/node/-/node-15.3.0.tgz",
      "integrity": "sha512-8/bnjSZD86ZfpBsDlCIkNXIvm+h6wi9g7IqL+kmFkQ+Wvu3JrasgLElfiPgoo8V8vVfnEi0QVS12gbl94h9YsQ==",
      "dev": true
    },
    "node_modules/@vercel/ncc": {
      "version": "0.28.5",
      "resolved": "https://registry.npmjs.org/@vercel/ncc/-/ncc-0.28.5.tgz",
      "integrity": "sha512-ZSwD4EDCon2EsnPZ2/Qcigx4N2DiuBLV/rDnF04giEPFuDeBeUDdnSTyYYfX8KNic/prrJuS1vUEmAOHmj+fRg==",
      "dev": true,
      "bin": {
        "ncc": "dist/ncc/cli.js"
      }
    },
    "node_modules/string-argv": {
      "version": "0.3.1",
      "resolved": "https://registry.npmjs.org/string-argv/-/string-argv-0.3.1.tgz",
      "integrity": "sha512-a1uQGz7IyVy9YwhqjZIZu1c8JO8dNIe20xBmSS6qu9kv++k3JGzCVmprbNN5Kn+BgzD5E7YYwg1CcjuJMRNsvg==",
      "engines": {
        "node": ">=0.6.19"
      }
    },
    "node_modules/typescript": {
      "version": "4.2.4",
      "resolved": "https://registry.npmjs.org/typescript/-/typescript-4.2.4.tgz",
      "integrity": "sha512-V+evlYHZnQkaz8TRBuxTA92yZBPotr5H+WhQ7bD3hZUndx5tGOa1fuCgeSjxAzM1RiN5IzvadIXTVefuuwZCRg==",
      "dev": true,
      "bin": {
        "tsc": "bin/tsc",
        "tsserver": "bin/tsserver"
      },
      "engines": {
        "node": ">=4.2.0"
      }
    }
  },
  "dependencies": {
    "@actions/core": {
      "version": "1.2.7",
      "resolved": "https://registry.npmjs.org/@actions/core/-/core-1.2.7.tgz",
      "integrity": "sha512-kzLFD5BgEvq6ubcxdgPbRKGD2Qrgya/5j+wh4LZzqT915I0V3rED+MvjH6NXghbvk1MXknpNNQ3uKjXSEN00Ig=="
    },
    "@actions/exec": {
      "version": "1.0.4",
      "resolved": "https://registry.npmjs.org/@actions/exec/-/exec-1.0.4.tgz",
      "integrity": "sha512-4DPChWow9yc9W3WqEbUj8Nr86xkpyE29ZzWjXucHItclLbEW6jr80Zx4nqv18QL6KK65+cifiQZXvnqgTV6oHw==",
      "requires": {
        "@actions/io": "^1.0.1"
      }
    },
    "@actions/io": {
      "version": "1.1.0",
      "resolved": "https://registry.npmjs.org/@actions/io/-/io-1.1.0.tgz",
      "integrity": "sha512-PspSX7Z9zh2Fyyuf3F6BsYeXcYHfc/VJ1vwy2vouas95efHVd42M6UfBFRs+jY0uiMDXhAoUtATn9g2r1MaWBQ=="
    },
    "@types/node": {
      "version": "15.3.0",
      "resolved": "https://registry.npmjs.org/@types/node/-/node-15.3.0.tgz",
      "integrity": "sha512-8/bnjSZD86ZfpBsDlCIkNXIvm+h6wi9g7IqL+kmFkQ+Wvu3JrasgLElfiPgoo8V8vVfnEi0QVS12gbl94h9YsQ==",
      "dev": true
    },
    "@vercel/ncc": {
      "version": "0.28.5",
      "resolved": "https://registry.npmjs.org/@vercel/ncc/-/ncc-0.28.5.tgz",
      "integrity": "sha512-ZSwD4EDCon2EsnPZ2/Qcigx4N2DiuBLV/rDnF04giEPFuDeBeUDdnSTyYYfX8KNic/prrJuS1vUEmAOHmj+fRg==",
      "dev": true
    },
    "string-argv": {
      "version": "0.3.1",
      "resolved": "https://registry.npmjs.org/string-argv/-/string-argv-0.3.1.tgz",
      "integrity": "sha512-a1uQGz7IyVy9YwhqjZIZu1c8JO8dNIe20xBmSS6qu9kv++k3JGzCVmprbNN5Kn+BgzD5E7YYwg1CcjuJMRNsvg=="
    },
    "typescript": {
      "version": "4.2.4",
      "resolved": "https://registry.npmjs.org/typescript/-/typescript-4.2.4.tgz",
      "integrity": "sha512-V+evlYHZnQkaz8TRBuxTA92yZBPotr5H+WhQ7bD3hZUndx5tGOa1fuCgeSjxAzM1RiN5IzvadIXTVefuuwZCRg==",
      "dev": true
    }
  }
}
